
Microsoft Visual Studio Solution File, Format Version 12.00
# Visual Studio Version 16
VisualStudioVersion = 16.0.29613.14
MinimumVisualStudioVersion = 10.0.40219.1
Project("{FAE04EC0-301F-11D3-BF4B-00C04F79EFBC}") = "Ejercicio1", "Ejercicio1\Ejercicio1.csproj", "{DD85DE3D-B771-491F-8B43-FC2CAA4650C0}"
EndProject
Project("{FAE04EC0-301F-11D3-BF4B-00C04F79EFBC}") = "Ejercicio2", "Ejercicio2\Ejercicio2.csproj", "{BA4E2FEF-D793-4733-8F5D-EE9A540C149F}"
EndProject
Global
	GlobalSection(SolutionConfigurationPlatforms) = preSolution
		Debug|Any CPU = Debug|Any CPU
		Release|Any CPU = Release|Any CPU
	EndGlobalSection
	GlobalSection(ProjectConfigurationPlatforms) = postSolution
		{DD85DE3D-B771-491F-8B43-FC2CAA4650C0}.Debug|Any CPU.ActiveCfg = Debug|Any CPU
		{DD85DE3D-B771-491F-8B43-FC2CAA4650C0}.Debug|Any CPU.Build.0 = Debug|Any CPU
		{DD85DE3D-B771-491F-8B43-FC2CAA4650C0}.Release|Any CPU.ActiveCfg = Release|Any CPU
		{DD85DE3D-B771-491F-8B43-FC2CAA4650C0}.Release|Any CPU.Build.0 = Release|Any CPU
		{BA4E2FEF-D793-4733-8F5D-EE9A540C149F}.Debug|Any CPU.ActiveCfg = Debug|Any CPU
		{BA4E2FEF-D793-4733-8F5D-EE9A540C149F}.Debug|Any CPU.Build.0 = Debug|Any CPU
		{BA4E2FEF-D793-4733-8F5D-EE9A540C149F}.Release|Any CPU.ActiveCfg = Release|Any CPU
		{BA4E2FEF-D793-4733-8F5D-EE9A540C149F}.Release|Any CPU.Build.0 = Release|Any CPU
	EndGlobalSection
	GlobalSection(SolutionProperties) = preSolution
		HideSolutionNode = FALSE
	EndGlobalSection
	GlobalSection(ExtensibilityGlobals) = postSolution
		SolutionGuid = {DEEBF776-81F3-4E03-BDE1-A4781B46FD62}
	EndGlobalSection
EndGlobal
