
Microsoft Visual Studio Solution File, Format Version 12.00
# Visual Studio Version 16
VisualStudioVersion = 16.0.29613.14
MinimumVisualStudioVersion = 10.0.40219.1
Project("{FAE04EC0-301F-11D3-BF4B-00C04F79EFBC}") = "LibDatosEF", "LibDatosEF\LibDatosEF.csproj", "{23F322AE-6B32-44F7-B5ED-B5F528DE19FB}"
EndProject
Global
	GlobalSection(SolutionConfigurationPlatforms) = preSolution
		Debug|Any CPU = Debug|Any CPU
		Release|Any CPU = Release|Any CPU
	EndGlobalSection
	GlobalSection(ProjectConfigurationPlatforms) = postSolution
		{23F322AE-6B32-44F7-B5ED-B5F528DE19FB}.Debug|Any CPU.ActiveCfg = Debug|Any CPU
		{23F322AE-6B32-44F7-B5ED-B5F528DE19FB}.Debug|Any CPU.Build.0 = Debug|Any CPU
		{23F322AE-6B32-44F7-B5ED-B5F528DE19FB}.Release|Any CPU.ActiveCfg = Release|Any CPU
		{23F322AE-6B32-44F7-B5ED-B5F528DE19FB}.Release|Any CPU.Build.0 = Release|Any CPU
	EndGlobalSection
	GlobalSection(SolutionProperties) = preSolution
		HideSolutionNode = FALSE
	EndGlobalSection
	GlobalSection(ExtensibilityGlobals) = postSolution
		SolutionGuid = {70A6013D-4926-4E98-9AAD-714F32F2AE57}
	EndGlobalSection
EndGlobal
