
Microsoft Visual Studio Solution File, Format Version 12.00
# Visual Studio Version 16
VisualStudioVersion = 16.0.29613.14
MinimumVisualStudioVersion = 10.0.40219.1
Project("{FAE04EC0-301F-11D3-BF4B-00C04F79EFBC}") = "LibDatos", "LibDatos\LibDatos.csproj", "{C2A667FC-1ADE-46C0-9C3C-EB8D20C41095}"
EndProject
Project("{FAE04EC0-301F-11D3-BF4B-00C04F79EFBC}") = "WinFacturacion", "WinFacturacion\WinFacturacion.csproj", "{75FF4C20-CFEE-4FE4-ACB8-E3F7C3CBF54A}"
EndProject
Global
	GlobalSection(SolutionConfigurationPlatforms) = preSolution
		Debug|Any CPU = Debug|Any CPU
		Release|Any CPU = Release|Any CPU
	EndGlobalSection
	GlobalSection(ProjectConfigurationPlatforms) = postSolution
		{C2A667FC-1ADE-46C0-9C3C-EB8D20C41095}.Debug|Any CPU.ActiveCfg = Debug|Any CPU
		{C2A667FC-1ADE-46C0-9C3C-EB8D20C41095}.Debug|Any CPU.Build.0 = Debug|Any CPU
		{C2A667FC-1ADE-46C0-9C3C-EB8D20C41095}.Release|Any CPU.ActiveCfg = Release|Any CPU
		{C2A667FC-1ADE-46C0-9C3C-EB8D20C41095}.Release|Any CPU.Build.0 = Release|Any CPU
		{75FF4C20-CFEE-4FE4-ACB8-E3F7C3CBF54A}.Debug|Any CPU.ActiveCfg = Debug|Any CPU
		{75FF4C20-CFEE-4FE4-ACB8-E3F7C3CBF54A}.Debug|Any CPU.Build.0 = Debug|Any CPU
		{75FF4C20-CFEE-4FE4-ACB8-E3F7C3CBF54A}.Release|Any CPU.ActiveCfg = Release|Any CPU
		{75FF4C20-CFEE-4FE4-ACB8-E3F7C3CBF54A}.Release|Any CPU.Build.0 = Release|Any CPU
	EndGlobalSection
	GlobalSection(SolutionProperties) = preSolution
		HideSolutionNode = FALSE
	EndGlobalSection
	GlobalSection(ExtensibilityGlobals) = postSolution
		SolutionGuid = {0E303227-F512-4FE5-8708-37207E61331E}
	EndGlobalSection
EndGlobal
